
Microsoft Visual Studio Solution File, Format Version 12.00
# Visual Studio Version 17
VisualStudioVersion = 17.3.32811.315
MinimumVisualStudioVersion = 10.0.40219.1
Project("{FAE04EC0-301F-11D3-BF4B-00C04F79EFBC}") = "project_002", "project_002.csproj", "{E761CCF7-1455-4D7A-B5C7-B8B93A14101F}"
EndProject
Global
	GlobalSection(SolutionConfigurationPlatforms) = preSolution
		Debug|Any CPU = Debug|Any CPU
		Release|Any CPU = Release|Any CPU
	EndGlobalSection
	GlobalSection(ProjectConfigurationPlatforms) = postSolution
		{E761CCF7-1455-4D7A-B5C7-B8B93A14101F}.Debug|Any CPU.ActiveCfg = Debug|Any CPU
		{E761CCF7-1455-4D7A-B5C7-B8B93A14101F}.Debug|Any CPU.Build.0 = Debug|Any CPU
		{E761CCF7-1455-4D7A-B5C7-B8B93A14101F}.Release|Any CPU.ActiveCfg = Release|Any CPU
		{E761CCF7-1455-4D7A-B5C7-B8B93A14101F}.Release|Any CPU.Build.0 = Release|Any CPU
	EndGlobalSection
	GlobalSection(SolutionProperties) = preSolution
		HideSolutionNode = FALSE
	EndGlobalSection
	GlobalSection(ExtensibilityGlobals) = postSolution
		SolutionGuid = {4DA964F4-C028-4419-BB05-651D93DBB3C3}
	EndGlobalSection
EndGlobal
